
Microsoft Visual Studio Solution File, Format Version 12.00
# Visual Studio Version 17
VisualStudioVersion = 17.11.35431.28
MinimumVisualStudioVersion = 10.0.40219.1
Project("{9A19103F-16F7-4668-BE54-9A1E7A4F7556}") = "Nuevo Proyecto de Juego", "Nuevo Proyecto de Juego.csproj", "{14C40E65-F339-4B2A-AA80-48234E96F553}"
EndProject
Global
	GlobalSection(SolutionConfigurationPlatforms) = preSolution
		Debug|Any CPU = Debug|Any CPU
		ExportDebug|Any CPU = ExportDebug|Any CPU
		ExportRelease|Any CPU = ExportRelease|Any CPU
	EndGlobalSection
	GlobalSection(ProjectConfigurationPlatforms) = postSolution
		{14C40E65-F339-4B2A-AA80-48234E96F553}.Debug|Any CPU.ActiveCfg = Debug|Any CPU
		{14C40E65-F339-4B2A-AA80-48234E96F553}.Debug|Any CPU.Build.0 = Debug|Any CPU
		{14C40E65-F339-4B2A-AA80-48234E96F553}.ExportDebug|Any CPU.ActiveCfg = ExportDebug|Any CPU
		{14C40E65-F339-4B2A-AA80-48234E96F553}.ExportDebug|Any CPU.Build.0 = ExportDebug|Any CPU
		{14C40E65-F339-4B2A-AA80-48234E96F553}.ExportRelease|Any CPU.ActiveCfg = ExportRelease|Any CPU
		{14C40E65-F339-4B2A-AA80-48234E96F553}.ExportRelease|Any CPU.Build.0 = ExportRelease|Any CPU
	EndGlobalSection
	GlobalSection(SolutionProperties) = preSolution
		HideSolutionNode = FALSE
	EndGlobalSection
	GlobalSection(ExtensibilityGlobals) = postSolution
		SolutionGuid = {540DD078-1C9E-41EF-8026-0B0897D49EDE}
	EndGlobalSection
EndGlobal
