
Microsoft Visual Studio Solution File, Format Version 12.00
# Visual Studio Version 17
VisualStudioVersion = 17.11.35431.28
MinimumVisualStudioVersion = 10.0.40219.1
Project("{9A19103F-16F7-4668-BE54-9A1E7A4F7556}") = "TideBound", "TideBound.csproj", "{4C98F492-55E4-4672-B419-24305AEE058A}"
EndProject
Global
	GlobalSection(SolutionConfigurationPlatforms) = preSolution
		Debug|Any CPU = Debug|Any CPU
		ExportDebug|Any CPU = ExportDebug|Any CPU
		ExportRelease|Any CPU = ExportRelease|Any CPU
	EndGlobalSection
	GlobalSection(ProjectConfigurationPlatforms) = postSolution
		{4C98F492-55E4-4672-B419-24305AEE058A}.Debug|Any CPU.ActiveCfg = Debug|Any CPU
		{4C98F492-55E4-4672-B419-24305AEE058A}.Debug|Any CPU.Build.0 = Debug|Any CPU
		{4C98F492-55E4-4672-B419-24305AEE058A}.ExportDebug|Any CPU.ActiveCfg = ExportDebug|Any CPU
		{4C98F492-55E4-4672-B419-24305AEE058A}.ExportDebug|Any CPU.Build.0 = ExportDebug|Any CPU
		{4C98F492-55E4-4672-B419-24305AEE058A}.ExportRelease|Any CPU.ActiveCfg = ExportRelease|Any CPU
		{4C98F492-55E4-4672-B419-24305AEE058A}.ExportRelease|Any CPU.Build.0 = ExportRelease|Any CPU
	EndGlobalSection
	GlobalSection(SolutionProperties) = preSolution
		HideSolutionNode = FALSE
	EndGlobalSection
EndGlobal
